
Microsoft Visual Studio Solution File, Format Version 12.00
# Visual Studio Version 16
VisualStudioVersion = 16.0.31005.135
MinimumVisualStudioVersion = 10.0.40219.1
Project("{FAE04EC0-301F-11D3-BF4B-00C04F79EFBC}") = "SisApp", "SisApp\SisApp.csproj", "{DFBAA2B3-39A2-4405-8789-2799DFEB7543}"
EndProject
Global
	GlobalSection(SolutionConfigurationPlatforms) = preSolution
		Debug|Any CPU = Debug|Any CPU
		Release|Any CPU = Release|Any CPU
	EndGlobalSection
	GlobalSection(ProjectConfigurationPlatforms) = postSolution
		{DFBAA2B3-39A2-4405-8789-2799DFEB7543}.Debug|Any CPU.ActiveCfg = Debug|Any CPU
		{DFBAA2B3-39A2-4405-8789-2799DFEB7543}.Debug|Any CPU.Build.0 = Debug|Any CPU
		{DFBAA2B3-39A2-4405-8789-2799DFEB7543}.Release|Any CPU.ActiveCfg = Release|Any CPU
		{DFBAA2B3-39A2-4405-8789-2799DFEB7543}.Release|Any CPU.Build.0 = Release|Any CPU
	EndGlobalSection
	GlobalSection(SolutionProperties) = preSolution
		HideSolutionNode = FALSE
	EndGlobalSection
	GlobalSection(ExtensibilityGlobals) = postSolution
		SolutionGuid = {7DBDB940-2AD6-418C-8589-C44317CADDA5}
	EndGlobalSection
EndGlobal
